
Microsoft Visual Studio Solution File, Format Version 12.00
# Visual Studio Version 17
VisualStudioVersion = 17.9.34728.123
MinimumVisualStudioVersion = 10.0.40219.1
Project("{FAE04EC0-301F-11D3-BF4B-00C04F79EFBC}") = "Exercicio_Estante_Livros", "Exercicio_Estante_Livros\Exercicio_Estante_Livros.csproj", "{6F259B36-5F82-45A9-B0E2-070544DF1C24}"
EndProject
Global
	GlobalSection(SolutionConfigurationPlatforms) = preSolution
		Debug|Any CPU = Debug|Any CPU
		Release|Any CPU = Release|Any CPU
	EndGlobalSection
	GlobalSection(ProjectConfigurationPlatforms) = postSolution
		{6F259B36-5F82-45A9-B0E2-070544DF1C24}.Debug|Any CPU.ActiveCfg = Debug|Any CPU
		{6F259B36-5F82-45A9-B0E2-070544DF1C24}.Debug|Any CPU.Build.0 = Debug|Any CPU
		{6F259B36-5F82-45A9-B0E2-070544DF1C24}.Release|Any CPU.ActiveCfg = Release|Any CPU
		{6F259B36-5F82-45A9-B0E2-070544DF1C24}.Release|Any CPU.Build.0 = Release|Any CPU
	EndGlobalSection
	GlobalSection(SolutionProperties) = preSolution
		HideSolutionNode = FALSE
	EndGlobalSection
	GlobalSection(ExtensibilityGlobals) = postSolution
		SolutionGuid = {691182AF-85CA-4452-968A-41D134F99D50}
	EndGlobalSection
EndGlobal
